
Microsoft Visual Studio Solution File, Format Version 12.00
# Visual Studio Version 17
VisualStudioVersion = 17.5.33627.172
MinimumVisualStudioVersion = 10.0.40219.1
Project("{9A19103F-16F7-4668-BE54-9A1E7A4F7556}") = "Geometria", "Geometria.csproj", "{E4974FB3-A97B-42FF-AE27-B2EBE094F1EB}"
EndProject
Project("{9A19103F-16F7-4668-BE54-9A1E7A4F7556}") = "LabClases3", "..\LabClases3\LabClases3.csproj", "{7BEA5058-88C3-40E5-B445-FF9E3A057D31}"
EndProject
Global
	GlobalSection(SolutionConfigurationPlatforms) = preSolution
		Debug|Any CPU = Debug|Any CPU
		Release|Any CPU = Release|Any CPU
	EndGlobalSection
	GlobalSection(ProjectConfigurationPlatforms) = postSolution
		{E4974FB3-A97B-42FF-AE27-B2EBE094F1EB}.Debug|Any CPU.ActiveCfg = Debug|Any CPU
		{E4974FB3-A97B-42FF-AE27-B2EBE094F1EB}.Debug|Any CPU.Build.0 = Debug|Any CPU
		{E4974FB3-A97B-42FF-AE27-B2EBE094F1EB}.Release|Any CPU.ActiveCfg = Release|Any CPU
		{E4974FB3-A97B-42FF-AE27-B2EBE094F1EB}.Release|Any CPU.Build.0 = Release|Any CPU
		{7BEA5058-88C3-40E5-B445-FF9E3A057D31}.Debug|Any CPU.ActiveCfg = Debug|Any CPU
		{7BEA5058-88C3-40E5-B445-FF9E3A057D31}.Debug|Any CPU.Build.0 = Debug|Any CPU
		{7BEA5058-88C3-40E5-B445-FF9E3A057D31}.Release|Any CPU.ActiveCfg = Release|Any CPU
		{7BEA5058-88C3-40E5-B445-FF9E3A057D31}.Release|Any CPU.Build.0 = Release|Any CPU
	EndGlobalSection
	GlobalSection(SolutionProperties) = preSolution
		HideSolutionNode = FALSE
	EndGlobalSection
	GlobalSection(ExtensibilityGlobals) = postSolution
		SolutionGuid = {E245879E-E349-4C83-9109-575E0CAF6C46}
	EndGlobalSection
EndGlobal
